Microsoft Visual Studio Solution File, Format Version 11.00
# Visual Studio 2008

Project("{16DB9167-3220-577E-DB17-5047BE002087}") = "First_test", "Assembly-CSharp.csproj", "{2DB493CE-5B71-E957-4896-75D19EFCEC07}"
EndProject
Global
	GlobalSection(SolutionConfigurationPlatforms) = preSolution
		Debug|Any CPU = Debug|Any CPU
		Release|Any CPU = Release|Any CPU
	EndGlobalSection
	GlobalSection(ProjectConfigurationPlatforms) = postSolution
		{2DB493CE-5B71-E957-4896-75D19EFCEC07}.Debug|Any CPU.ActiveCfg = Debug|Any CPU
		{2DB493CE-5B71-E957-4896-75D19EFCEC07}.Debug|Any CPU.Build.0 = Debug|Any CPU
		{2DB493CE-5B71-E957-4896-75D19EFCEC07}.Release|Any CPU.ActiveCfg = Release|Any CPU
		{2DB493CE-5B71-E957-4896-75D19EFCEC07}.Release|Any CPU.Build.0 = Release|Any CPU
	EndGlobalSection
	GlobalSection(SolutionProperties) = preSolution
		HideSolutionNode = FALSE
	EndGlobalSection
						GlobalSection(MonoDevelopProperties) = preSolution
		Policies = $0
		$0.TextStylePolicy = $1
		$1.inheritsSet = null
		$1.scope = text/x-csharp
		$0.CSharpFormattingPolicy = $2
		$2.inheritsSet = Mono
		$2.inheritsScope = text/x-csharp
		$2.scope = text/x-csharp
		$0.TextStylePolicy = $3
		$3.FileWidth = 120
		$3.TabWidth = 4
		$3.EolMarker = Unix
		$3.inheritsSet = Mono
		$3.inheritsScope = text/plain
		$3.scope = text/plain
	EndGlobalSection

EndGlobal
